
Microsoft Visual Studio Solution File, Format Version 12.00
# Visual Studio 2013
VisualStudioVersion = 12.0.31101.0
MinimumVisualStudioVersion = 10.0.40219.1
Project("{FAE04EC0-301F-11D3-BF4B-00C04F79EFBC}") = "Demo.CSOM.Lists", "Demo.CSOM.Lists\Demo.CSOM.Lists.csproj", "{EC8719E8-B847-47A7-B703-E0DA4B0D2D4F}"
EndProject
Project("{FAE04EC0-301F-11D3-BF4B-00C04F79EFBC}") = "Demo.CSOM.ListsWeb", "Demo.CSOM.ListsWeb\Demo.CSOM.ListsWeb.csproj", "{91C381FD-509B-4C53-8B2E-1814658A65FE}"
EndProject
Global
	GlobalSection(SolutionConfigurationPlatforms) = preSolution
		Debug|Any CPU = Debug|Any CPU
		Release|Any CPU = Release|Any CPU
	EndGlobalSection
	GlobalSection(ProjectConfigurationPlatforms) = postSolution
		{EC8719E8-B847-47A7-B703-E0DA4B0D2D4F}.Debug|Any CPU.ActiveCfg = Debug|Any CPU
		{EC8719E8-B847-47A7-B703-E0DA4B0D2D4F}.Debug|Any CPU.Build.0 = Debug|Any CPU
		{EC8719E8-B847-47A7-B703-E0DA4B0D2D4F}.Debug|Any CPU.Deploy.0 = Debug|Any CPU
		{EC8719E8-B847-47A7-B703-E0DA4B0D2D4F}.Release|Any CPU.ActiveCfg = Release|Any CPU
		{EC8719E8-B847-47A7-B703-E0DA4B0D2D4F}.Release|Any CPU.Build.0 = Release|Any CPU
		{EC8719E8-B847-47A7-B703-E0DA4B0D2D4F}.Release|Any CPU.Deploy.0 = Release|Any CPU
		{91C381FD-509B-4C53-8B2E-1814658A65FE}.Debug|Any CPU.ActiveCfg = Debug|Any CPU
		{91C381FD-509B-4C53-8B2E-1814658A65FE}.Debug|Any CPU.Build.0 = Debug|Any CPU
		{91C381FD-509B-4C53-8B2E-1814658A65FE}.Release|Any CPU.ActiveCfg = Release|Any CPU
		{91C381FD-509B-4C53-8B2E-1814658A65FE}.Release|Any CPU.Build.0 = Release|Any CPU
	EndGlobalSection
	GlobalSection(SolutionProperties) = preSolution
		HideSolutionNode = FALSE
	EndGlobalSection
EndGlobal
